PODS:
  - flutter_splendid_ble (0.0.1):
    - FlutterMacOS
  - FlutterMacOS (1.0.0)

DEPENDENCIES:
  - flutter_splendid_ble (from `Flutter/ephemeral/.symlinks/plugins/flutter_splendid_ble/macos`)
  - FlutterMacOS (from `Flutter/ephemeral`)

EXTERNAL SOURCES:
  flutter_splendid_ble:
    :path: Flutter/ephemeral/.symlinks/plugins/flutter_splendid_ble/macos
  FlutterMacOS:
    :path: Flutter/ephemeral

SPEC CHECKSUMS:
  flutter_splendid_ble: 3d354bf348111185422aa57d61af061aed2efdd6
  FlutterMacOS: d0db08ddef1a9af05a5ec4b724367152bb0500b1

PODFILE CHECKSUM: 3eca16c090d9ef4830a593e900c1af12e19fba7c

COCOAPODS: 1.16.2
